
Microsoft Visual Studio Solution File, Format Version 11.00
# Visual Studio 2010
Project("{FAE04EC0-301F-11D3-BF4B-00C04F79EFBC}") = "TinkerBell", "TinkerBell\TinkerBell.csproj", "{792B4058-9233-43DA-B657-9934E01B6185}"
EndProject
Project("{FAE04EC0-301F-11D3-BF4B-00C04F79EFBC}") = "AutoSuggestControl", "AutoSuggestControl\AutoSuggestControl.csproj", "{64B7D72D-273B-4E4C-995C-9ACE6826E568}"
EndProject
Project("{FAE04EC0-301F-11D3-BF4B-00C04F79EFBC}") = "AutoSuggestTextBox", "AutoSuggestTextBox\AutoSuggestTextBox.csproj", "{0B474E18-866F-47FB-B229-B73E6D492342}"
EndProject
Project("{FAE04EC0-301F-11D3-BF4B-00C04F79EFBC}") = "ExcelManager", "ExcelManager\ExcelManager.csproj", "{087D26A6-6BCA-4B65-9EC8-53D73E34509B}"
EndProject
Global
	GlobalSection(SolutionConfigurationPlatforms) = preSolution
		Debug|Any CPU = Debug|Any CPU
		Debug|Mixed Platforms = Debug|Mixed Platforms
		Debug|x86 = Debug|x86
		Release|Any CPU = Release|Any CPU
		Release|Mixed Platforms = Release|Mixed Platforms
		Release|x86 = Release|x86
	EndGlobalSection
	GlobalSection(ProjectConfigurationPlatforms) = postSolution
		{792B4058-9233-43DA-B657-9934E01B6185}.Debug|Any CPU.ActiveCfg = Debug|x86
		{792B4058-9233-43DA-B657-9934E01B6185}.Debug|Mixed Platforms.ActiveCfg = Debug|x86
		{792B4058-9233-43DA-B657-9934E01B6185}.Debug|Mixed Platforms.Build.0 = Debug|x86
		{792B4058-9233-43DA-B657-9934E01B6185}.Debug|x86.ActiveCfg = Debug|x86
		{792B4058-9233-43DA-B657-9934E01B6185}.Debug|x86.Build.0 = Debug|x86
		{792B4058-9233-43DA-B657-9934E01B6185}.Release|Any CPU.ActiveCfg = Release|x86
		{792B4058-9233-43DA-B657-9934E01B6185}.Release|Mixed Platforms.ActiveCfg = Release|x86
		{792B4058-9233-43DA-B657-9934E01B6185}.Release|Mixed Platforms.Build.0 = Release|x86
		{792B4058-9233-43DA-B657-9934E01B6185}.Release|x86.ActiveCfg = Release|x86
		{792B4058-9233-43DA-B657-9934E01B6185}.Release|x86.Build.0 = Release|x86
		{64B7D72D-273B-4E4C-995C-9ACE6826E568}.Debug|Any CPU.ActiveCfg = Debug|Any CPU
		{64B7D72D-273B-4E4C-995C-9ACE6826E568}.Debug|Any CPU.Build.0 = Debug|Any CPU
		{64B7D72D-273B-4E4C-995C-9ACE6826E568}.Debug|Mixed Platforms.ActiveCfg = Debug|Any CPU
		{64B7D72D-273B-4E4C-995C-9ACE6826E568}.Debug|Mixed Platforms.Build.0 = Debug|Any CPU
		{64B7D72D-273B-4E4C-995C-9ACE6826E568}.Debug|x86.ActiveCfg = Debug|Any CPU
		{64B7D72D-273B-4E4C-995C-9ACE6826E568}.Release|Any CPU.ActiveCfg = Release|Any CPU
		{64B7D72D-273B-4E4C-995C-9ACE6826E568}.Release|Any CPU.Build.0 = Release|Any CPU
		{64B7D72D-273B-4E4C-995C-9ACE6826E568}.Release|Mixed Platforms.ActiveCfg = Release|Any CPU
		{64B7D72D-273B-4E4C-995C-9ACE6826E568}.Release|Mixed Platforms.Build.0 = Release|Any CPU
		{64B7D72D-273B-4E4C-995C-9ACE6826E568}.Release|x86.ActiveCfg = Release|Any CPU
		{0B474E18-866F-47FB-B229-B73E6D492342}.Debug|Any CPU.ActiveCfg = Debug|Any CPU
		{0B474E18-866F-47FB-B229-B73E6D492342}.Debug|Any CPU.Build.0 = Debug|Any CPU
		{0B474E18-866F-47FB-B229-B73E6D492342}.Debug|Mixed Platforms.ActiveCfg = Debug|Any CPU
		{0B474E18-866F-47FB-B229-B73E6D492342}.Debug|Mixed Platforms.Build.0 = Debug|Any CPU
		{0B474E18-866F-47FB-B229-B73E6D492342}.Debug|x86.ActiveCfg = Debug|Any CPU
		{0B474E18-866F-47FB-B229-B73E6D492342}.Release|Any CPU.ActiveCfg = Release|Any CPU
		{0B474E18-866F-47FB-B229-B73E6D492342}.Release|Any CPU.Build.0 = Release|Any CPU
		{0B474E18-866F-47FB-B229-B73E6D492342}.Release|Mixed Platforms.ActiveCfg = Release|Any CPU
		{0B474E18-866F-47FB-B229-B73E6D492342}.Release|Mixed Platforms.Build.0 = Release|Any CPU
		{0B474E18-866F-47FB-B229-B73E6D492342}.Release|x86.ActiveCfg = Release|Any CPU
		{087D26A6-6BCA-4B65-9EC8-53D73E34509B}.Debug|Any CPU.ActiveCfg = Debug|Any CPU
		{087D26A6-6BCA-4B65-9EC8-53D73E34509B}.Debug|Any CPU.Build.0 = Debug|Any CPU
		{087D26A6-6BCA-4B65-9EC8-53D73E34509B}.Debug|Mixed Platforms.ActiveCfg = Debug|Any CPU
		{087D26A6-6BCA-4B65-9EC8-53D73E34509B}.Debug|Mixed Platforms.Build.0 = Debug|Any CPU
		{087D26A6-6BCA-4B65-9EC8-53D73E34509B}.Debug|x86.ActiveCfg = Debug|Any CPU
		{087D26A6-6BCA-4B65-9EC8-53D73E34509B}.Release|Any CPU.ActiveCfg = Release|Any CPU
		{087D26A6-6BCA-4B65-9EC8-53D73E34509B}.Release|Any CPU.Build.0 = Release|Any CPU
		{087D26A6-6BCA-4B65-9EC8-53D73E34509B}.Release|Mixed Platforms.ActiveCfg = Release|Any CPU
		{087D26A6-6BCA-4B65-9EC8-53D73E34509B}.Release|Mixed Platforms.Build.0 = Release|Any CPU
		{087D26A6-6BCA-4B65-9EC8-53D73E34509B}.Release|x86.ActiveCfg = Release|Any CPU
	EndGlobalSection
	GlobalSection(SolutionProperties) = preSolution
		HideSolutionNode = FALSE
	EndGlobalSection
EndGlobal
